
Microsoft Visual Studio Solution File, Format Version 12.00
# Visual Studio Version 17
VisualStudioVersion = 17.0.31903.59
MinimumVisualStudioVersion = 10.0.40219.1
Project("{2150E333-8FDC-42A3-9474-1A3956D46DE8}") = "Solution Items", "Solution Items", "{4D3F0EB4-6C88-4794-9289-1029F92FDEBB}"
	ProjectSection(SolutionItems) = preProject
		.editorconfig = .editorconfig
		README.md = README.md
	EndProjectSection
EndProject
Project("{2150E333-8FDC-42A3-9474-1A3956D46DE8}") = "src", "src", "{FAEDEAAD-5D75-43A1-87CB-D60D179A02EE}"
EndProject
Project("{2150E333-8FDC-42A3-9474-1A3956D46DE8}") = "Web", "Web", "{C2B62B22-C73D-455C-AFC3-DE484CC864B6}"
EndProject
Project("{9A19103F-16F7-4668-BE54-9A1E7A4F7556}") = "Smab.Plex.Web", "src\Smab.Plex.Web\Smab.Plex.Web\Smab.Plex.Web.csproj", "{AABACECC-4C66-40E7-A74A-A42A2CFA4E64}"
EndProject
Project("{9A19103F-16F7-4668-BE54-9A1E7A4F7556}") = "Smab.Plex.Web.Client", "src\Smab.Plex.Web\Smab.Plex.Web.Client\Smab.Plex.Web.Client.csproj", "{96D198AB-C17E-4552-8034-4FA2B6A11621}"
EndProject
Project("{2150E333-8FDC-42A3-9474-1A3956D46DE8}") = "PlexInfo", "PlexInfo", "{00069DF0-45CE-49E3-B9B2-DD1F5E50B594}"
EndProject
Project("{9A19103F-16F7-4668-BE54-9A1E7A4F7556}") = "Smab.PlexInfo", "src\Smab.PlexInfo\Smab.PlexInfo\Smab.PlexInfo.csproj", "{7C778B68-3EAC-44D0-984E-33E09B2B4693}"
EndProject
Project("{9A19103F-16F7-4668-BE54-9A1E7A4F7556}") = "Smab.PlexInfo.Server", "src\Smab.PlexInfo\Smab.PlexInfo.Server\Smab.PlexInfo.Server.csproj", "{2705EE21-FD6B-4B3B-9A98-7C226B781CE1}"
EndProject
Project("{9A19103F-16F7-4668-BE54-9A1E7A4F7556}") = "Smab.PlexInfo.UI", "src\Smab.PlexInfo\Smab.PlexInfo.UI\Smab.PlexInfo.UI.csproj", "{2CEC70B9-757A-4DD8-9D2D-1615AE90B290}"
EndProject
Project("{2150E333-8FDC-42A3-9474-1A3956D46DE8}") = "tests", "tests", "{A03BC8BF-3836-4FAF-8BCC-879154A49AAE}"
	ProjectSection(SolutionItems) = preProject
		tests\http-client.env.json = tests\http-client.env.json
		tests\http-client.env.json.user = tests\http-client.env.json.user
		tests\PlexInfo.http = tests\PlexInfo.http
	EndProjectSection
EndProject
Global
	GlobalSection(SolutionConfigurationPlatforms) = preSolution
		Debug|Any CPU = Debug|Any CPU
		Release|Any CPU = Release|Any CPU
	EndGlobalSection
	GlobalSection(ProjectConfigurationPlatforms) = postSolution
		{AABACECC-4C66-40E7-A74A-A42A2CFA4E64}.Debug|Any CPU.ActiveCfg = Debug|Any CPU
		{AABACECC-4C66-40E7-A74A-A42A2CFA4E64}.Debug|Any CPU.Build.0 = Debug|Any CPU
		{AABACECC-4C66-40E7-A74A-A42A2CFA4E64}.Release|Any CPU.ActiveCfg = Release|Any CPU
		{AABACECC-4C66-40E7-A74A-A42A2CFA4E64}.Release|Any CPU.Build.0 = Release|Any CPU
		{96D198AB-C17E-4552-8034-4FA2B6A11621}.Debug|Any CPU.ActiveCfg = Debug|Any CPU
		{96D198AB-C17E-4552-8034-4FA2B6A11621}.Debug|Any CPU.Build.0 = Debug|Any CPU
		{96D198AB-C17E-4552-8034-4FA2B6A11621}.Release|Any CPU.ActiveCfg = Release|Any CPU
		{96D198AB-C17E-4552-8034-4FA2B6A11621}.Release|Any CPU.Build.0 = Release|Any CPU
		{7C778B68-3EAC-44D0-984E-33E09B2B4693}.Debug|Any CPU.ActiveCfg = Debug|Any CPU
		{7C778B68-3EAC-44D0-984E-33E09B2B4693}.Debug|Any CPU.Build.0 = Debug|Any CPU
		{7C778B68-3EAC-44D0-984E-33E09B2B4693}.Release|Any CPU.ActiveCfg = Release|Any CPU
		{7C778B68-3EAC-44D0-984E-33E09B2B4693}.Release|Any CPU.Build.0 = Release|Any CPU
		{2705EE21-FD6B-4B3B-9A98-7C226B781CE1}.Debug|Any CPU.ActiveCfg = Debug|Any CPU
		{2705EE21-FD6B-4B3B-9A98-7C226B781CE1}.Debug|Any CPU.Build.0 = Debug|Any CPU
		{2705EE21-FD6B-4B3B-9A98-7C226B781CE1}.Release|Any CPU.ActiveCfg = Release|Any CPU
		{2705EE21-FD6B-4B3B-9A98-7C226B781CE1}.Release|Any CPU.Build.0 = Release|Any CPU
		{2CEC70B9-757A-4DD8-9D2D-1615AE90B290}.Debug|Any CPU.ActiveCfg = Debug|Any CPU
		{2CEC70B9-757A-4DD8-9D2D-1615AE90B290}.Debug|Any CPU.Build.0 = Debug|Any CPU
		{2CEC70B9-757A-4DD8-9D2D-1615AE90B290}.Release|Any CPU.ActiveCfg = Release|Any CPU
		{2CEC70B9-757A-4DD8-9D2D-1615AE90B290}.Release|Any CPU.Build.0 = Release|Any CPU
	EndGlobalSection
	GlobalSection(SolutionProperties) = preSolution
		HideSolutionNode = FALSE
	EndGlobalSection
	GlobalSection(NestedProjects) = preSolution
		{C2B62B22-C73D-455C-AFC3-DE484CC864B6} = {FAEDEAAD-5D75-43A1-87CB-D60D179A02EE}
		{AABACECC-4C66-40E7-A74A-A42A2CFA4E64} = {C2B62B22-C73D-455C-AFC3-DE484CC864B6}
		{96D198AB-C17E-4552-8034-4FA2B6A11621} = {C2B62B22-C73D-455C-AFC3-DE484CC864B6}
		{00069DF0-45CE-49E3-B9B2-DD1F5E50B594} = {FAEDEAAD-5D75-43A1-87CB-D60D179A02EE}
		{7C778B68-3EAC-44D0-984E-33E09B2B4693} = {00069DF0-45CE-49E3-B9B2-DD1F5E50B594}
		{2705EE21-FD6B-4B3B-9A98-7C226B781CE1} = {00069DF0-45CE-49E3-B9B2-DD1F5E50B594}
		{2CEC70B9-757A-4DD8-9D2D-1615AE90B290} = {00069DF0-45CE-49E3-B9B2-DD1F5E50B594}
	EndGlobalSection
	GlobalSection(ExtensibilityGlobals) = postSolution
		SolutionGuid = {C4F47966-1B0C-47BB-BDB3-276DB8D08392}
	EndGlobalSection
EndGlobal
